
Microsoft Visual Studio Solution File, Format Version 12.00
# Visual Studio Version 16
VisualStudioVersion = 16.0.30114.105
MinimumVisualStudioVersion = 10.0.40219.1
Project("{FAE04EC0-301F-11D3-BF4B-00C04F79EFBC}") = "WebApi", "WebAPi\WebApi.csproj", "{1D0F5838-1DD3-42AC-8C5A-2019CEAAFBC7}"
EndProject
Project("{FAE04EC0-301F-11D3-BF4B-00C04F79EFBC}") = "Application", "Application\Application.csproj", "{E643B5C2-DD0B-4D25-82D2-AB7FA34A69E7}"
EndProject
Project("{FAE04EC0-301F-11D3-BF4B-00C04F79EFBC}") = "Domain", "Domain\Domain.csproj", "{5B73CE77-1DD0-4781-9C52-66940E6A431C}"
EndProject
Project("{FAE04EC0-301F-11D3-BF4B-00C04F79EFBC}") = "Persistence", "Persistence\Persistence.csproj", "{54CEDC6A-667B-47D6-9E8D-E44E4A2C451A}"
EndProject
Project("{FAE04EC0-301F-11D3-BF4B-00C04F79EFBC}") = "Infrastructure", "Infrastructure\Infrastructure.csproj", "{DC01202A-D898-4C0B-8846-03E8F6D14EFB}"
EndProject
Global
	GlobalSection(SolutionConfigurationPlatforms) = preSolution
		Debug|Any CPU = Debug|Any CPU
		Release|Any CPU = Release|Any CPU
	EndGlobalSection
	GlobalSection(SolutionProperties) = preSolution
		HideSolutionNode = FALSE
	EndGlobalSection
	GlobalSection(ProjectConfigurationPlatforms) = postSolution
		{1D0F5838-1DD3-42AC-8C5A-2019CEAAFBC7}.Debug|Any CPU.ActiveCfg = Debug|Any CPU
		{1D0F5838-1DD3-42AC-8C5A-2019CEAAFBC7}.Debug|Any CPU.Build.0 = Debug|Any CPU
		{1D0F5838-1DD3-42AC-8C5A-2019CEAAFBC7}.Release|Any CPU.ActiveCfg = Release|Any CPU
		{1D0F5838-1DD3-42AC-8C5A-2019CEAAFBC7}.Release|Any CPU.Build.0 = Release|Any CPU
		{E643B5C2-DD0B-4D25-82D2-AB7FA34A69E7}.Debug|Any CPU.ActiveCfg = Debug|Any CPU
		{E643B5C2-DD0B-4D25-82D2-AB7FA34A69E7}.Debug|Any CPU.Build.0 = Debug|Any CPU
		{E643B5C2-DD0B-4D25-82D2-AB7FA34A69E7}.Release|Any CPU.ActiveCfg = Release|Any CPU
		{E643B5C2-DD0B-4D25-82D2-AB7FA34A69E7}.Release|Any CPU.Build.0 = Release|Any CPU
		{5B73CE77-1DD0-4781-9C52-66940E6A431C}.Debug|Any CPU.ActiveCfg = Debug|Any CPU
		{5B73CE77-1DD0-4781-9C52-66940E6A431C}.Debug|Any CPU.Build.0 = Debug|Any CPU
		{5B73CE77-1DD0-4781-9C52-66940E6A431C}.Release|Any CPU.ActiveCfg = Release|Any CPU
		{5B73CE77-1DD0-4781-9C52-66940E6A431C}.Release|Any CPU.Build.0 = Release|Any CPU
		{54CEDC6A-667B-47D6-9E8D-E44E4A2C451A}.Debug|Any CPU.ActiveCfg = Debug|Any CPU
		{54CEDC6A-667B-47D6-9E8D-E44E4A2C451A}.Debug|Any CPU.Build.0 = Debug|Any CPU
		{54CEDC6A-667B-47D6-9E8D-E44E4A2C451A}.Release|Any CPU.ActiveCfg = Release|Any CPU
		{54CEDC6A-667B-47D6-9E8D-E44E4A2C451A}.Release|Any CPU.Build.0 = Release|Any CPU
		{DC01202A-D898-4C0B-8846-03E8F6D14EFB}.Debug|Any CPU.ActiveCfg = Debug|Any CPU
		{DC01202A-D898-4C0B-8846-03E8F6D14EFB}.Debug|Any CPU.Build.0 = Debug|Any CPU
		{DC01202A-D898-4C0B-8846-03E8F6D14EFB}.Release|Any CPU.ActiveCfg = Release|Any CPU
		{DC01202A-D898-4C0B-8846-03E8F6D14EFB}.Release|Any CPU.Build.0 = Release|Any CPU
	EndGlobalSection
EndGlobal
