
Microsoft Visual Studio Solution File, Format Version 12.00
# Visual Studio Version 16
VisualStudioVersion = 16.0.30114.105
MinimumVisualStudioVersion = 10.0.40219.1
Project("{FAE04EC0-301F-11D3-BF4B-00C04F79EFBC}") = "Application", "Application\Application.csproj", "{5C5D3A05-ED46-4923-83BA-B8C65F8A3FA5}"
EndProject
Project("{FAE04EC0-301F-11D3-BF4B-00C04F79EFBC}") = "Domain", "Domain\Domain.csproj", "{067B93FE-9D48-43DF-8B63-B6FA66640B48}"
EndProject
Project("{FAE04EC0-301F-11D3-BF4B-00C04F79EFBC}") = "Infrastructure", "Infrastructure\Infrastructure.csproj", "{CDB13761-8502-4A06-9AC6-21A1CB4731BD}"
EndProject
Project("{FAE04EC0-301F-11D3-BF4B-00C04F79EFBC}") = "Persistence", "Persistence\Persistence.csproj", "{97D7AA8F-B5C0-46A8-AFFE-ABD3D1B0401B}"
EndProject
Project("{FAE04EC0-301F-11D3-BF4B-00C04F79EFBC}") = "WebApi", "WebApi\WebApi.csproj", "{A803BDDF-D43A-4919-8E9B-7852165ADF28}"
EndProject
Global
	GlobalSection(SolutionConfigurationPlatforms) = preSolution
		Debug|Any CPU = Debug|Any CPU
		Release|Any CPU = Release|Any CPU
	EndGlobalSection
	GlobalSection(SolutionProperties) = preSolution
		HideSolutionNode = FALSE
	EndGlobalSection
	GlobalSection(ProjectConfigurationPlatforms) = postSolution
		{5C5D3A05-ED46-4923-83BA-B8C65F8A3FA5}.Debug|Any CPU.ActiveCfg = Debug|Any CPU
		{5C5D3A05-ED46-4923-83BA-B8C65F8A3FA5}.Debug|Any CPU.Build.0 = Debug|Any CPU
		{5C5D3A05-ED46-4923-83BA-B8C65F8A3FA5}.Release|Any CPU.ActiveCfg = Release|Any CPU
		{5C5D3A05-ED46-4923-83BA-B8C65F8A3FA5}.Release|Any CPU.Build.0 = Release|Any CPU
		{067B93FE-9D48-43DF-8B63-B6FA66640B48}.Debug|Any CPU.ActiveCfg = Debug|Any CPU
		{067B93FE-9D48-43DF-8B63-B6FA66640B48}.Debug|Any CPU.Build.0 = Debug|Any CPU
		{067B93FE-9D48-43DF-8B63-B6FA66640B48}.Release|Any CPU.ActiveCfg = Release|Any CPU
		{067B93FE-9D48-43DF-8B63-B6FA66640B48}.Release|Any CPU.Build.0 = Release|Any CPU
		{CDB13761-8502-4A06-9AC6-21A1CB4731BD}.Debug|Any CPU.ActiveCfg = Debug|Any CPU
		{CDB13761-8502-4A06-9AC6-21A1CB4731BD}.Debug|Any CPU.Build.0 = Debug|Any CPU
		{CDB13761-8502-4A06-9AC6-21A1CB4731BD}.Release|Any CPU.ActiveCfg = Release|Any CPU
		{CDB13761-8502-4A06-9AC6-21A1CB4731BD}.Release|Any CPU.Build.0 = Release|Any CPU
		{97D7AA8F-B5C0-46A8-AFFE-ABD3D1B0401B}.Debug|Any CPU.ActiveCfg = Debug|Any CPU
		{97D7AA8F-B5C0-46A8-AFFE-ABD3D1B0401B}.Debug|Any CPU.Build.0 = Debug|Any CPU
		{97D7AA8F-B5C0-46A8-AFFE-ABD3D1B0401B}.Release|Any CPU.ActiveCfg = Release|Any CPU
		{97D7AA8F-B5C0-46A8-AFFE-ABD3D1B0401B}.Release|Any CPU.Build.0 = Release|Any CPU
		{A803BDDF-D43A-4919-8E9B-7852165ADF28}.Debug|Any CPU.ActiveCfg = Debug|Any CPU
		{A803BDDF-D43A-4919-8E9B-7852165ADF28}.Debug|Any CPU.Build.0 = Debug|Any CPU
		{A803BDDF-D43A-4919-8E9B-7852165ADF28}.Release|Any CPU.ActiveCfg = Release|Any CPU
		{A803BDDF-D43A-4919-8E9B-7852165ADF28}.Release|Any CPU.Build.0 = Release|Any CPU
	EndGlobalSection
EndGlobal
